// !$*UTF8*$!
{
	archiveVersion = 1;
	classes = {
	};
	objectVersion = 46;
	objects = {

/* Begin PBXBuildFile section */
		B0047BBD1601CC3B00602754 /* UIKit.framework in Frameworks */ = {isa = PBXBuildFile; fileRef = B0047BBC1601CC3B00602754 /* UIKit.framework */; };
		B0047BBF1601CC3B00602754 /* Foundation.framework in Frameworks */ = {isa = PBXBuildFile; fileRef = B0047BBE1601CC3B00602754 /* Foundation.framework */; };
		B0047BC11601CC3B00602754 /* CoreGraphics.framework in Frameworks */ = {isa = PBXBuildFile; fileRef = B0047BC01601CC3B00602754 /* CoreGraphics.framework */; };
		B0047BC71601CC3B00602754 /* InfoPlist.strings in Resources */ = {isa = PBXBuildFile; fileRef = B0047BC51601CC3B00602754 /* InfoPlist.strings */; };
		B0047BC91601CC3B00602754 /* main.m in Sources */ = {isa = PBXBuildFile; fileRef = B0047BC81601CC3B00602754 /* main.m */; };
		B0047BCD1601CC3B00602754 /* SPGAppDelegate.m in Sources */ = {isa = PBXBuildFile; fileRef = B0047BCC1601CC3B00602754 /* SPGAppDelegate.m */; };
		B0047BD01601CC3B00602754 /* SPGMasterViewController.m in Sources */ = {isa = PBXBuildFile; fileRef = B0047BCF1601CC3B00602754 /* SPGMasterViewController.m */; };
		B0047BD31601CC3B00602754 /* SPGDetailViewController.m in Sources */ = {isa = PBXBuildFile; fileRef = B0047BD21601CC3B00602754 /* SPGDetailViewController.m */; };
		B0047BD61601CC3B00602754 /* SPGMasterViewController.xib in Resources */ = {isa = PBXBuildFile; fileRef = B0047BD41601CC3B00602754 /* SPGMasterViewController.xib */; };
		B0047BD91601CC3B00602754 /* SPGDetailViewController.xib in Resources */ = {isa = PBXBuildFile; fileRef = B0047BD71601CC3B00602754 /* SPGDetailViewController.xib */; };
		B0047BE21601CD1900602754 /* SPGBooks.m in Sources */ = {isa = PBXBuildFile; fileRef = B0047BE11601CD1900602754 /* SPGBooks.m */; };
		B0047BE51601CD8400602754 /* SPGBookstore.m in Sources */ = {isa = PBXBuildFile; fileRef = B0047BE41601CD8400602754 /* SPGBookstore.m */; };
/* End PBXBuildFile section */

/* Begin PBXFileReference section */
		B0047BB81601CC3B00602754 /* MyBookshop.app */ = {isa = PBXFileReference; explicitFileType = wrapper.application; includeInIndex = 0; path = MyBookshop.app; sourceTree = BUILT_PRODUCTS_DIR; };
		B0047BBC1601CC3B00602754 /* UIKit.framework */ = {isa = PBXFileReference; lastKnownFileType = wrapper.framework; name = UIKit.framework; path = System/Library/Frameworks/UIKit.framework; sourceTree = SDKROOT; };
		B0047BBE1601CC3B00602754 /* Foundation.framework */ = {isa = PBXFileReference; lastKnownFileType = wrapper.framework; name = Foundation.framework; path = System/Library/Frameworks/Foundation.framework; sourceTree = SDKROOT; };
		B0047BC01601CC3B00602754 /* CoreGraphics.framework */ = {isa = PBXFileReference; lastKnownFileType = wrapper.framework; name = CoreGraphics.framework; path = System/Library/Frameworks/CoreGraphics.framework; sourceTree = SDKROOT; };
		B0047BC41601CC3B00602754 /* MyBookshop-Info.plist */ = {isa = PBXFileReference; lastKnownFileType = text.plist.xml; path = "MyBookshop-Info.plist"; sourceTree = "<group>"; };
		B0047BC61601CC3B00602754 /* en */ = {isa = PBXFileReference; lastKnownFileType = text.plist.strings; name = en; path = en.lproj/InfoPlist.strings; sourceTree = "<group>"; };
		B0047BC81601CC3B00602754 /* main.m */ = {isa = PBXFileReference; lastKnownFileType = sourcecode.c.objc; path = main.m; sourceTree = "<group>"; };
		B0047BCA1601CC3B00602754 /* MyBookshop-Prefix.pch */ = {isa = PBXFileReference; lastKnownFileType = sourcecode.c.h; path = "MyBookshop-Prefix.pch"; sourceTree = "<group>"; };
		B0047BCB1601CC3B00602754 /* SPGAppDelegate.h */ = {isa = PBXFileReference; lastKnownFileType = sourcecode.c.h; path = SPGAppDelegate.h; sourceTree = "<group>"; };
		B0047BCC1601CC3B00602754 /* SPGAppDelegate.m */ = {isa = PBXFileReference; lastKnownFileType = sourcecode.c.objc; path = SPGAppDelegate.m; sourceTree = "<group>"; };
		B0047BCE1601CC3B00602754 /* SPGMasterViewController.h */ = {isa = PBXFileReference; lastKnownFileType = sourcecode.c.h; path = SPGMasterViewController.h; sourceTree = "<group>"; };
		B0047BCF1601CC3B00602754 /* SPGMasterViewController.m */ = {isa = PBXFileReference; lastKnownFileType = sourcecode.c.objc; path = SPGMasterViewController.m; sourceTree = "<group>"; };
		B0047BD11601CC3B00602754 /* SPGDetailViewController.h */ = {isa = PBXFileReference; lastKnownFileType = sourcecode.c.h; path = SPGDetailViewController.h; sourceTree = "<group>"; };
		B0047BD21601CC3B00602754 /* SPGDetailViewController.m */ = {isa = PBXFileReference; lastKnownFileType = sourcecode.c.objc; path = SPGDetailViewController.m; sourceTree = "<group>"; };
		B0047BD51601CC3B00602754 /* en */ = {isa = PBXFileReference; lastKnownFileType = file.xib; name = en; path = en.lproj/SPGMasterViewController.xib; sourceTree = "<group>"; };
		B0047BD81601CC3B00602754 /* en */ = {isa = PBXFileReference; lastKnownFileType = file.xib; name = en; path = en.lproj/SPGDetailViewController.xib; sourceTree = "<group>"; };
		B0047BE01601CD1900602754 /* SPGBooks.h */ = {isa = PBXFileReference; fileEncoding = 4; lastKnownFileType = sourcecode.c.h; path = SPGBooks.h; sourceTree = "<group>"; };
		B0047BE11601CD1900602754 /* SPGBooks.m */ = {isa = PBXFileReference; fileEncoding = 4; lastKnownFileType = sourcecode.c.objc; path = SPGBooks.m; sourceTree = "<group>"; };
		B0047BE31601CD8400602754 /* SPGBookstore.h */ = {isa = PBXFileReference; fileEncoding = 4; lastKnownFileType = sourcecode.c.h; path = SPGBookstore.h; sourceTree = "<group>"; };
		B0047BE41601CD8400602754 /* SPGBookstore.m */ = {isa = PBXFileReference; fileEncoding = 4; lastKnownFileType = sourcecode.c.objc; path = SPGBookstore.m; sourceTree = "<group>"; };
/* End PBXFileReference section */

/* Begin PBXFrameworksBuildPhase section */
		B0047BB51601CC3B00602754 /* Frameworks */ = {
			isa = PBXFrameworksBuildPhase;
			buildActionMask = 2147483647;
			files = (
				B0047BBD1601CC3B00602754 /* UIKit.framework in Frameworks */,
				B0047BBF1601CC3B00602754 /* Foundation.framework in Frameworks */,
				B0047BC11601CC3B00602754 /* CoreGraphics.framework in Frameworks */,
			);
			runOnlyForDeploymentPostprocessing = 0;
		};
/* End PBXFrameworksBuildPhase section */

/* Begin PBXGroup section */
		B0047BAD1601CC3B00602754 = {
			isa = PBXGroup;
			children = (
				B0047BC21601CC3B00602754 /* MyBookshop */,
				B0047BBB1601CC3B00602754 /* Frameworks */,
				B0047BB91601CC3B00602754 /* Products */,
			);
			sourceTree = "<group>";
		};
		B0047BB91601CC3B00602754 /* Products */ = {
			isa = PBXGroup;
			children = (
				B0047BB81601CC3B00602754 /* MyBookshop.app */,
			);
			name = Products;
			sourceTree = "<group>";
		};
		B0047BBB1601CC3B00602754 /* Frameworks */ = {
			isa = PBXGroup;
			children = (
				B0047BBC1601CC3B00602754 /* UIKit.framework */,
				B0047BBE1601CC3B00602754 /* Foundation.framework */,
				B0047BC01601CC3B00602754 /* CoreGraphics.framework */,
			);
			name = Frameworks;
			sourceTree = "<group>";
		};
		B0047BC21601CC3B00602754 /* MyBookshop */ = {
			isa = PBXGroup;
			children = (
				B0047BDF1601CCF900602754 /* MyClasses */,
				B0047BCB1601CC3B00602754 /* SPGAppDelegate.h */,
				B0047BCC1601CC3B00602754 /* SPGAppDelegate.m */,
				B0047BCE1601CC3B00602754 /* SPGMasterViewController.h */,
				B0047BCF1601CC3B00602754 /* SPGMasterViewController.m */,
				B0047BD11601CC3B00602754 /* SPGDetailViewController.h */,
				B0047BD21601CC3B00602754 /* SPGDetailViewController.m */,
				B0047BD41601CC3B00602754 /* SPGMasterViewController.xib */,
				B0047BD71601CC3B00602754 /* SPGDetailViewController.xib */,
				B0047BC31601CC3B00602754 /* Supporting Files */,
			);
			path = MyBookshop;
			sourceTree = "<group>";
		};
		B0047BC31601CC3B00602754 /* Supporting Files */ = {
			isa = PBXGroup;
			children = (
				B0047BC41601CC3B00602754 /* MyBookshop-Info.plist */,
				B0047BC51601CC3B00602754 /* InfoPlist.strings */,
				B0047BC81601CC3B00602754 /* main.m */,
				B0047BCA1601CC3B00602754 /* MyBookshop-Prefix.pch */,
			);
			name = "Supporting Files";
			sourceTree = "<group>";
		};
		B0047BDF1601CCF900602754 /* MyClasses */ = {
			isa = PBXGroup;
			children = (
				B0047BE01601CD1900602754 /* SPGBooks.h */,
				B0047BE11601CD1900602754 /* SPGBooks.m */,
				B0047BE31601CD8400602754 /* SPGBookstore.h */,
				B0047BE41601CD8400602754 /* SPGBookstore.m */,
			);
			name = MyClasses;
			sourceTree = "<group>";
		};
/* End PBXGroup section */

/* Begin PBXNativeTarget section */
		B0047BB71601CC3B00602754 /* MyBookshop */ = {
			isa = PBXNativeTarget;
			buildConfigurationList = B0047BDC1601CC3B00602754 /* Build configuration list for PBXNativeTarget "MyBookshop" */;
			buildPhases = (
				B0047BB41601CC3B00602754 /* Sources */,
				B0047BB51601CC3B00602754 /* Frameworks */,
				B0047BB61601CC3B00602754 /* Resources */,
			);
			buildRules = (
			);
			dependencies = (
			);
			name = MyBookshop;
			productName = MyBookshop;
			productReference = B0047BB81601CC3B00602754 /* MyBookshop.app */;
			productType = "com.apple.product-type.application";
		};
/* End PBXNativeTarget section */

/* Begin PBXProject section */
		B0047BAF1601CC3B00602754 /* Project object */ = {
			isa = PBXProject;
			attributes = {
				CLASSPREFIX = SPG;
				LastUpgradeCheck = 0440;
				ORGANIZATIONNAME = "Anneste Design & Development cc";
			};
			buildConfigurationList = B0047BB21601CC3B00602754 /* Build configuration list for PBXProject "MyBookshop" */;
			compatibilityVersion = "Xcode 3.2";
			developmentRegion = English;
			hasScannedForEncodings = 0;
			knownRegions = (
				en,
			);
			mainGroup = B0047BAD1601CC3B00602754;
			productRefGroup = B0047BB91601CC3B00602754 /* Products */;
			projectDirPath = "";
			projectRoot = "";
			targets = (
				B0047BB71601CC3B00602754 /* MyBookshop */,
			);
		};
/* End PBXProject section */

/* Begin PBXResourcesBuildPhase section */
		B0047BB61601CC3B00602754 /* Resources */ = {
			isa = PBXResourcesBuildPhase;
			buildActionMask = 2147483647;
			files = (
				B0047BC71601CC3B00602754 /* InfoPlist.strings in Resources */,
				B0047BD61601CC3B00602754 /* SPGMasterViewController.xib in Resources */,
				B0047BD91601CC3B00602754 /* SPGDetailViewController.xib in Resources */,
			);
			runOnlyForDeploymentPostprocessing = 0;
		};
/* End PBXResourcesBuildPhase section */

/* Begin PBXSourcesBuildPhase section */
		B0047BB41601CC3B00602754 /* Sources */ = {
			isa = PBXSourcesBuildPhase;
			buildActionMask = 2147483647;
			files = (
				B0047BC91601CC3B00602754 /* main.m in Sources */,
				B0047BCD1601CC3B00602754 /* SPGAppDelegate.m in Sources */,
				B0047BD01601CC3B00602754 /* SPGMasterViewController.m in Sources */,
				B0047BD31601CC3B00602754 /* SPGDetailViewController.m in Sources */,
				B0047BE21601CD1900602754 /* SPGBooks.m in Sources */,
				B0047BE51601CD8400602754 /* SPGBookstore.m in Sources */,
			);
			runOnlyForDeploymentPostprocessing = 0;
		};
/* End PBXSourcesBuildPhase section */

/* Begin PBXVariantGroup section */
		B0047BC51601CC3B00602754 /* InfoPlist.strings */ = {
			isa = PBXVariantGroup;
			children = (
				B0047BC61601CC3B00602754 /* en */,
			);
			name = InfoPlist.strings;
			sourceTree = "<group>";
		};
		B0047BD41601CC3B00602754 /* SPGMasterViewController.xib */ = {
			isa = PBXVariantGroup;
			children = (
				B0047BD51601CC3B00602754 /* en */,
			);
			name = SPGMasterViewController.xib;
			sourceTree = "<group>";
		};
		B0047BD71601CC3B00602754 /* SPGDetailViewController.xib */ = {
			isa = PBXVariantGroup;
			children = (
				B0047BD81601CC3B00602754 /* en */,
			);
			name = SPGDetailViewController.xib;
			sourceTree = "<group>";
		};
/* End PBXVariantGroup section */

/* Begin XCBuildConfiguration section */
		B0047BDA1601CC3B00602754 /* Debug */ = {
			isa = XCBuildConfiguration;
			buildSettings = {
				ALWAYS_SEARCH_USER_PATHS = NO;
				ARCHS = "$(ARCHS_STANDARD_32_BIT)";
				CLANG_CXX_LANGUAGE_STANDARD = "gnu++0x";
				CLANG_ENABLE_OBJC_ARC = YES;
				CLANG_WARN__DUPLICATE_METHOD_MATCH = YES;
				"CODE_SIGN_IDENTITY[sdk=iphoneos*]" = "iPhone Developer";
				COPY_PHASE_STRIP = NO;
				GCC_C_LANGUAGE_STANDARD = gnu99;
				GCC_DYNAMIC_NO_PIC = NO;
				GCC_OPTIMIZATION_LEVEL = 0;
				GCC_PREPROCESSOR_DEFINITIONS = (
					"DEBUG=1",
					"$(inherited)",
				);
				GCC_SYMBOLS_PRIVATE_EXTERN = NO;
				GCC_VERSION = com.apple.compilers.llvm.clang.1_0;
				GCC_WARN_ABOUT_RETURN_TYPE = YES;
				GCC_WARN_UNINITIALIZED_AUTOS = YES;
				GCC_WARN_UNUSED_VARIABLE = YES;
				IPHONEOS_DEPLOYMENT_TARGET = 5.1;
				SDKROOT = iphoneos;
			};
			name = Debug;
		};
		B0047BDB1601CC3B00602754 /* Release */ = {
			isa = XCBuildConfiguration;
			buildSettings = {
				ALWAYS_SEARCH_USER_PATHS = NO;
				ARCHS = "$(ARCHS_STANDARD_32_BIT)";
				CLANG_CXX_LANGUAGE_STANDARD = "gnu++0x";
				CLANG_ENABLE_OBJC_ARC = YES;
				CLANG_WARN__DUPLICATE_METHOD_MATCH = YES;
				"CODE_SIGN_IDENTITY[sdk=iphoneos*]" = "iPhone Developer";
				COPY_PHASE_STRIP = YES;
				GCC_C_LANGUAGE_STANDARD = gnu99;
				GCC_VERSION = com.apple.compilers.llvm.clang.1_0;
				GCC_WARN_ABOUT_RETURN_TYPE = YES;
				GCC_WARN_UNINITIALIZED_AUTOS = YES;
				GCC_WARN_UNUSED_VARIABLE = YES;
				IPHONEOS_DEPLOYMENT_TARGET = 5.1;
				OTHER_CFLAGS = "-DNS_BLOCK_ASSERTIONS=1";
				SDKROOT = iphoneos;
				VALIDATE_PRODUCT = YES;
			};
			name = Release;
		};
		B0047BDD1601CC3B00602754 /* Debug */ = {
			isa = XCBuildConfiguration;
			buildSettings = {
				GCC_PRECOMPILE_PREFIX_HEADER = YES;
				GCC_PREFIX_HEADER = "MyBookshop/MyBookshop-Prefix.pch";
				INFOPLIST_FILE = "MyBookshop/MyBookshop-Info.plist";
				PRODUCT_NAME = "$(TARGET_NAME)";
				WRAPPER_EXTENSION = app;
			};
			name = Debug;
		};
		B0047BDE1601CC3B00602754 /* Release */ = {
			isa = XCBuildConfiguration;
			buildSettings = {
				GCC_PRECOMPILE_PREFIX_HEADER = YES;
				GCC_PREFIX_HEADER = "MyBookshop/MyBookshop-Prefix.pch";
				INFOPLIST_FILE = "MyBookshop/MyBookshop-Info.plist";
				PRODUCT_NAME = "$(TARGET_NAME)";
				WRAPPER_EXTENSION = app;
			};
			name = Release;
		};
/* End XCBuildConfiguration section */

/* Begin XCConfigurationList section */
		B0047BB21601CC3B00602754 /* Build configuration list for PBXProject "MyBookshop" */ = {
			isa = XCConfigurationList;
			buildConfigurations = (
				B0047BDA1601CC3B00602754 /* Debug */,
				B0047BDB1601CC3B00602754 /* Release */,
			);
			defaultConfigurationIsVisible = 0;
			defaultConfigurationName = Release;
		};
		B0047BDC1601CC3B00602754 /* Build configuration list for PBXNativeTarget "MyBookshop" */ = {
			isa = XCConfigurationList;
			buildConfigurations = (
				B0047BDD1601CC3B00602754 /* Debug */,
				B0047BDE1601CC3B00602754 /* Release */,
			);
			defaultConfigurationIsVisible = 0;
		};
/* End XCConfigurationList section */
	};
	rootObject = B0047BAF1601CC3B00602754 /* Project object */;
}
