// !$*UTF8*$!
{
	archiveVersion = 1;
	classes = {
	};
	objectVersion = 46;
	objects = {

/* Begin PBXBuildFile section */
		B04C098B1602194700E0807A /* UIKit.framework in Frameworks */ = {isa = PBXBuildFile; fileRef = B04C098A1602194700E0807A /* UIKit.framework */; };
		B04C098D1602194700E0807A /* Foundation.framework in Frameworks */ = {isa = PBXBuildFile; fileRef = B04C098C1602194700E0807A /* Foundation.framework */; };
		B04C098F1602194700E0807A /* CoreGraphics.framework in Frameworks */ = {isa = PBXBuildFile; fileRef = B04C098E1602194700E0807A /* CoreGraphics.framework */; };
		B04C09951602194700E0807A /* InfoPlist.strings in Resources */ = {isa = PBXBuildFile; fileRef = B04C09931602194700E0807A /* InfoPlist.strings */; };
		B04C09971602194700E0807A /* main.m in Sources */ = {isa = PBXBuildFile; fileRef = B04C09961602194700E0807A /* main.m */; };
		B04C099B1602194700E0807A /* SPGAppDelegate.m in Sources */ = {isa = PBXBuildFile; fileRef = B04C099A1602194700E0807A /* SPGAppDelegate.m */; };
		B04C099E1602194700E0807A /* SPGViewController.m in Sources */ = {isa = PBXBuildFile; fileRef = B04C099D1602194700E0807A /* SPGViewController.m */; };
		B04C09A11602194700E0807A /* SPGViewController.xib in Resources */ = {isa = PBXBuildFile; fileRef = B04C099F1602194700E0807A /* SPGViewController.xib */; };
/* End PBXBuildFile section */

/* Begin PBXFileReference section */
		B04C09861602194700E0807A /* test.app */ = {isa = PBXFileReference; explicitFileType = wrapper.application; includeInIndex = 0; path = test.app; sourceTree = BUILT_PRODUCTS_DIR; };
		B04C098A1602194700E0807A /* UIKit.framework */ = {isa = PBXFileReference; lastKnownFileType = wrapper.framework; name = UIKit.framework; path = System/Library/Frameworks/UIKit.framework; sourceTree = SDKROOT; };
		B04C098C1602194700E0807A /* Foundation.framework */ = {isa = PBXFileReference; lastKnownFileType = wrapper.framework; name = Foundation.framework; path = System/Library/Frameworks/Foundation.framework; sourceTree = SDKROOT; };
		B04C098E1602194700E0807A /* CoreGraphics.framework */ = {isa = PBXFileReference; lastKnownFileType = wrapper.framework; name = CoreGraphics.framework; path = System/Library/Frameworks/CoreGraphics.framework; sourceTree = SDKROOT; };
		B04C09921602194700E0807A /* test-Info.plist */ = {isa = PBXFileReference; lastKnownFileType = text.plist.xml; path = "test-Info.plist"; sourceTree = "<group>"; };
		B04C09941602194700E0807A /* en */ = {isa = PBXFileReference; lastKnownFileType = text.plist.strings; name = en; path = en.lproj/InfoPlist.strings; sourceTree = "<group>"; };
		B04C09961602194700E0807A /* main.m */ = {isa = PBXFileReference; lastKnownFileType = sourcecode.c.objc; path = main.m; sourceTree = "<group>"; };
		B04C09981602194700E0807A /* test-Prefix.pch */ = {isa = PBXFileReference; lastKnownFileType = sourcecode.c.h; path = "test-Prefix.pch"; sourceTree = "<group>"; };
		B04C09991602194700E0807A /* SPGAppDelegate.h */ = {isa = PBXFileReference; lastKnownFileType = sourcecode.c.h; path = SPGAppDelegate.h; sourceTree = "<group>"; };
		B04C099A1602194700E0807A /* SPGAppDelegate.m */ = {isa = PBXFileReference; lastKnownFileType = sourcecode.c.objc; path = SPGAppDelegate.m; sourceTree = "<group>"; };
		B04C099C1602194700E0807A /* SPGViewController.h */ = {isa = PBXFileReference; lastKnownFileType = sourcecode.c.h; path = SPGViewController.h; sourceTree = "<group>"; };
		B04C099D1602194700E0807A /* SPGViewController.m */ = {isa = PBXFileReference; lastKnownFileType = sourcecode.c.objc; path = SPGViewController.m; sourceTree = "<group>"; };
		B04C09A01602194700E0807A /* en */ = {isa = PBXFileReference; lastKnownFileType = file.xib; name = en; path = en.lproj/SPGViewController.xib; sourceTree = "<group>"; };
/* End PBXFileReference section */

/* Begin PBXFrameworksBuildPhase section */
		B04C09831602194700E0807A /* Frameworks */ = {
			isa = PBXFrameworksBuildPhase;
			buildActionMask = 2147483647;
			files = (
				B04C098B1602194700E0807A /* UIKit.framework in Frameworks */,
				B04C098D1602194700E0807A /* Foundation.framework in Frameworks */,
				B04C098F1602194700E0807A /* CoreGraphics.framework in Frameworks */,
			);
			runOnlyForDeploymentPostprocessing = 0;
		};
/* End PBXFrameworksBuildPhase section */

/* Begin PBXGroup section */
		B04C097B1602194700E0807A = {
			isa = PBXGroup;
			children = (
				B04C09901602194700E0807A /* test */,
				B04C09891602194700E0807A /* Frameworks */,
				B04C09871602194700E0807A /* Products */,
			);
			sourceTree = "<group>";
		};
		B04C09871602194700E0807A /* Products */ = {
			isa = PBXGroup;
			children = (
				B04C09861602194700E0807A /* test.app */,
			);
			name = Products;
			sourceTree = "<group>";
		};
		B04C09891602194700E0807A /* Frameworks */ = {
			isa = PBXGroup;
			children = (
				B04C098A1602194700E0807A /* UIKit.framework */,
				B04C098C1602194700E0807A /* Foundation.framework */,
				B04C098E1602194700E0807A /* CoreGraphics.framework */,
			);
			name = Frameworks;
			sourceTree = "<group>";
		};
		B04C09901602194700E0807A /* test */ = {
			isa = PBXGroup;
			children = (
				B04C09991602194700E0807A /* SPGAppDelegate.h */,
				B04C099A1602194700E0807A /* SPGAppDelegate.m */,
				B04C099C1602194700E0807A /* SPGViewController.h */,
				B04C099D1602194700E0807A /* SPGViewController.m */,
				B04C099F1602194700E0807A /* SPGViewController.xib */,
				B04C09911602194700E0807A /* Supporting Files */,
			);
			path = test;
			sourceTree = "<group>";
		};
		B04C09911602194700E0807A /* Supporting Files */ = {
			isa = PBXGroup;
			children = (
				B04C09921602194700E0807A /* test-Info.plist */,
				B04C09931602194700E0807A /* InfoPlist.strings */,
				B04C09961602194700E0807A /* main.m */,
				B04C09981602194700E0807A /* test-Prefix.pch */,
			);
			name = "Supporting Files";
			sourceTree = "<group>";
		};
/* End PBXGroup section */

/* Begin PBXNativeTarget section */
		B04C09851602194700E0807A /* test */ = {
			isa = PBXNativeTarget;
			buildConfigurationList = B04C09A41602194700E0807A /* Build configuration list for PBXNativeTarget "test" */;
			buildPhases = (
				B04C09821602194700E0807A /* Sources */,
				B04C09831602194700E0807A /* Frameworks */,
				B04C09841602194700E0807A /* Resources */,
			);
			buildRules = (
			);
			dependencies = (
			);
			name = test;
			productName = test;
			productReference = B04C09861602194700E0807A /* test.app */;
			productType = "com.apple.product-type.application";
		};
/* End PBXNativeTarget section */

/* Begin PBXProject section */
		B04C097D1602194700E0807A /* Project object */ = {
			isa = PBXProject;
			attributes = {
				CLASSPREFIX = SPG;
				LastUpgradeCheck = 0440;
				ORGANIZATIONNAME = "Anneste Design & Development cc";
			};
			buildConfigurationList = B04C09801602194700E0807A /* Build configuration list for PBXProject "test" */;
			compatibilityVersion = "Xcode 3.2";
			developmentRegion = English;
			hasScannedForEncodings = 0;
			knownRegions = (
				en,
			);
			mainGroup = B04C097B1602194700E0807A;
			productRefGroup = B04C09871602194700E0807A /* Products */;
			projectDirPath = "";
			projectRoot = "";
			targets = (
				B04C09851602194700E0807A /* test */,
			);
		};
/* End PBXProject section */

/* Begin PBXResourcesBuildPhase section */
		B04C09841602194700E0807A /* Resources */ = {
			isa = PBXResourcesBuildPhase;
			buildActionMask = 2147483647;
			files = (
				B04C09951602194700E0807A /* InfoPlist.strings in Resources */,
				B04C09A11602194700E0807A /* SPGViewController.xib in Resources */,
			);
			runOnlyForDeploymentPostprocessing = 0;
		};
/* End PBXResourcesBuildPhase section */

/* Begin PBXSourcesBuildPhase section */
		B04C09821602194700E0807A /* Sources */ = {
			isa = PBXSourcesBuildPhase;
			buildActionMask = 2147483647;
			files = (
				B04C09971602194700E0807A /* main.m in Sources */,
				B04C099B1602194700E0807A /* SPGAppDelegate.m in Sources */,
				B04C099E1602194700E0807A /* SPGViewController.m in Sources */,
			);
			runOnlyForDeploymentPostprocessing = 0;
		};
/* End PBXSourcesBuildPhase section */

/* Begin PBXVariantGroup section */
		B04C09931602194700E0807A /* InfoPlist.strings */ = {
			isa = PBXVariantGroup;
			children = (
				B04C09941602194700E0807A /* en */,
			);
			name = InfoPlist.strings;
			sourceTree = "<group>";
		};
		B04C099F1602194700E0807A /* SPGViewController.xib */ = {
			isa = PBXVariantGroup;
			children = (
				B04C09A01602194700E0807A /* en */,
			);
			name = SPGViewController.xib;
			sourceTree = "<group>";
		};
/* End PBXVariantGroup section */

/* Begin XCBuildConfiguration section */
		B04C09A21602194700E0807A /* Debug */ = {
			isa = XCBuildConfiguration;
			buildSettings = {
				ALWAYS_SEARCH_USER_PATHS = NO;
				ARCHS = "$(ARCHS_STANDARD_32_BIT)";
				CLANG_CXX_LANGUAGE_STANDARD = "gnu++0x";
				CLANG_ENABLE_OBJC_ARC = YES;
				CLANG_WARN__DUPLICATE_METHOD_MATCH = YES;
				"CODE_SIGN_IDENTITY[sdk=iphoneos*]" = "iPhone Developer";
				COPY_PHASE_STRIP = NO;
				GCC_C_LANGUAGE_STANDARD = gnu99;
				GCC_DYNAMIC_NO_PIC = NO;
				GCC_OPTIMIZATION_LEVEL = 0;
				GCC_PREPROCESSOR_DEFINITIONS = (
					"DEBUG=1",
					"$(inherited)",
				);
				GCC_SYMBOLS_PRIVATE_EXTERN = NO;
				GCC_VERSION = com.apple.compilers.llvm.clang.1_0;
				GCC_WARN_ABOUT_RETURN_TYPE = YES;
				GCC_WARN_UNINITIALIZED_AUTOS = YES;
				GCC_WARN_UNUSED_VARIABLE = YES;
				IPHONEOS_DEPLOYMENT_TARGET = 5.1;
				SDKROOT = iphoneos;
			};
			name = Debug;
		};
		B04C09A31602194700E0807A /* Release */ = {
			isa = XCBuildConfiguration;
			buildSettings = {
				ALWAYS_SEARCH_USER_PATHS = NO;
				ARCHS = "$(ARCHS_STANDARD_32_BIT)";
				CLANG_CXX_LANGUAGE_STANDARD = "gnu++0x";
				CLANG_ENABLE_OBJC_ARC = YES;
				CLANG_WARN__DUPLICATE_METHOD_MATCH = YES;
				"CODE_SIGN_IDENTITY[sdk=iphoneos*]" = "iPhone Developer";
				COPY_PHASE_STRIP = YES;
				GCC_C_LANGUAGE_STANDARD = gnu99;
				GCC_VERSION = com.apple.compilers.llvm.clang.1_0;
				GCC_WARN_ABOUT_RETURN_TYPE = YES;
				GCC_WARN_UNINITIALIZED_AUTOS = YES;
				GCC_WARN_UNUSED_VARIABLE = YES;
				IPHONEOS_DEPLOYMENT_TARGET = 5.1;
				OTHER_CFLAGS = "-DNS_BLOCK_ASSERTIONS=1";
				SDKROOT = iphoneos;
				VALIDATE_PRODUCT = YES;
			};
			name = Release;
		};
		B04C09A51602194700E0807A /* Debug */ = {
			isa = XCBuildConfiguration;
			buildSettings = {
				GCC_PRECOMPILE_PREFIX_HEADER = YES;
				GCC_PREFIX_HEADER = "test/test-Prefix.pch";
				INFOPLIST_FILE = "test/test-Info.plist";
				PRODUCT_NAME = "$(TARGET_NAME)";
				WRAPPER_EXTENSION = app;
			};
			name = Debug;
		};
		B04C09A61602194700E0807A /* Release */ = {
			isa = XCBuildConfiguration;
			buildSettings = {
				GCC_PRECOMPILE_PREFIX_HEADER = YES;
				GCC_PREFIX_HEADER = "test/test-Prefix.pch";
				INFOPLIST_FILE = "test/test-Info.plist";
				PRODUCT_NAME = "$(TARGET_NAME)";
				WRAPPER_EXTENSION = app;
			};
			name = Release;
		};
/* End XCBuildConfiguration section */

/* Begin XCConfigurationList section */
		B04C09801602194700E0807A /* Build configuration list for PBXProject "test" */ = {
			isa = XCConfigurationList;
			buildConfigurations = (
				B04C09A21602194700E0807A /* Debug */,
				B04C09A31602194700E0807A /* Release */,
			);
			defaultConfigurationIsVisible = 0;
			defaultConfigurationName = Release;
		};
		B04C09A41602194700E0807A /* Build configuration list for PBXNativeTarget "test" */ = {
			isa = XCConfigurationList;
			buildConfigurations = (
				B04C09A51602194700E0807A /* Debug */,
				B04C09A61602194700E0807A /* Release */,
			);
			defaultConfigurationIsVisible = 0;
		};
/* End XCConfigurationList section */
	};
	rootObject = B04C097D1602194700E0807A /* Project object */;
}
